
Microsoft Visual Studio Solution File, Format Version 12.00
# Visual Studio Version 16
VisualStudioVersion = 16.0.30804.86
MinimumVisualStudioVersion = 10.0.40219.1
Project("{FAE04EC0-301F-11D3-BF4B-00C04F79EFBC}") = "Minhas Finanças", "Minhas Finanças.csproj", "{3E1A1200-CF5A-44D1-ADFB-A6A07DA952A8}"
EndProject
Project("{FAE04EC0-301F-11D3-BF4B-00C04F79EFBC}") = "Data", "..\Data\Data.csproj", "{099B7F2C-EDC4-425D-B1DE-72B92BE2F48E}"
EndProject
Global
	GlobalSection(SolutionConfigurationPlatforms) = preSolution
		Debug|Any CPU = Debug|Any CPU
		Release|Any CPU = Release|Any CPU
	EndGlobalSection
	GlobalSection(ProjectConfigurationPlatforms) = postSolution
		{3E1A1200-CF5A-44D1-ADFB-A6A07DA952A8}.Debug|Any CPU.ActiveCfg = Debug|Any CPU
		{3E1A1200-CF5A-44D1-ADFB-A6A07DA952A8}.Debug|Any CPU.Build.0 = Debug|Any CPU
		{3E1A1200-CF5A-44D1-ADFB-A6A07DA952A8}.Release|Any CPU.ActiveCfg = Release|Any CPU
		{3E1A1200-CF5A-44D1-ADFB-A6A07DA952A8}.Release|Any CPU.Build.0 = Release|Any CPU
		{099B7F2C-EDC4-425D-B1DE-72B92BE2F48E}.Debug|Any CPU.ActiveCfg = Debug|Any CPU
		{099B7F2C-EDC4-425D-B1DE-72B92BE2F48E}.Debug|Any CPU.Build.0 = Debug|Any CPU
		{099B7F2C-EDC4-425D-B1DE-72B92BE2F48E}.Release|Any CPU.ActiveCfg = Release|Any CPU
		{099B7F2C-EDC4-425D-B1DE-72B92BE2F48E}.Release|Any CPU.Build.0 = Release|Any CPU
	EndGlobalSection
	GlobalSection(SolutionProperties) = preSolution
		HideSolutionNode = FALSE
	EndGlobalSection
	GlobalSection(ExtensibilityGlobals) = postSolution
		SolutionGuid = {54F5AD7F-A2BD-404B-BC92-92FCBCFAE3EE}
	EndGlobalSection
EndGlobal
